<?xml version="1.0" encoding="utf-8"?>
<Project ToolsVersion="4.0" xmlns="http://schemas.microsoft.com/developer/msbuild/2003">
  <ItemGroup>
    <Filter Include="Archivos de origen">
      <UniqueIdentifier>{4FC737F1-C7A5-4376-A066-2A32D752A2FF}</UniqueIdentifier>
      <Extensions>cpp;c;cc;cxx;c++;cppm;ixx;def;odl;idl;hpj;bat;asm;asmx</Extensions>
    </Filter>
    <Filter Include="Archivos de encabezado">
      <UniqueIdentifier>{93995380-89BD-4b04-88EB-625FBE52EBFB}</UniqueIdentifier>
      <Extensions>h;hh;hpp;hxx;h++;hm;inl;inc;ipp;xsd</Extensions>
    </Filter>
    <Filter Include="Archivos de recursos">
      <UniqueIdentifier>{67DA6AB6-F800-4c08-8B7A-83BB121AAD01}</UniqueIdentifier>
      <Extensions>rc;ico;cur;bmp;dlg;rc2;rct;bin;rgs;gif;jpg;jpeg;jpe;resx;tiff;tif;png;wav;mfcribbon-ms</Extensions>
    </Filter>
    <Filter Include="Archivos de recursos\Corelib">
      <UniqueIdentifier>{d16f7ed9-00f7-4116-af55-2a18a151c1e3}</UniqueIdentifier>
    </Filter>
    <Filter Include="Archivos de recursos\Corelib\Class">
      <UniqueIdentifier>{84b1cfbc-dbbc-4a7c-9b0d-22387736026d}</UniqueIdentifier>
    </Filter>
    <Filter Include="Archivos de recursos\Corelib\Struct">
      <UniqueIdentifier>{50381d17-b8b5-483c-8fd5-bcc7b7cffbf8}</UniqueIdentifier>
    </Filter>
    <Filter Include="Archivos de recursos\Corelib\Libs">
      <UniqueIdentifier>{9ba2954d-05ed-4110-a6f7-1aa2f6fb9e42}</UniqueIdentifier>
    </Filter>
    <Filter Include="Archivos de recursos\Listlib">
      <UniqueIdentifier>{946f07c3-3115-4123-ad80-2c88892ee9dc}</UniqueIdentifier>
    </Filter>
    <Filter Include="Archivos de recursos\New">
      <UniqueIdentifier>{70cff3f8-0f91-46df-a73c-67fe39f19dfe}</UniqueIdentifier>
    </Filter>
  </ItemGroup>
  <ItemGroup>
    <ClCompile Include="..\..\Corelib\Class\Countable.cpp">
      <Filter>Archivos de recursos\Corelib\Class</Filter>
    </ClCompile>
    <ClCompile Include="..\..\Corelib\Class\LlanyCore.cpp">
      <Filter>Archivos de recursos\Corelib\Class</Filter>
    </ClCompile>
    <ClCompile Include="..\..\Corelib\Class\String.cpp">
      <Filter>Archivos de recursos\Corelib\Class</Filter>
    </ClCompile>
    <ClCompile Include="..\..\Corelib\Libs\charslib.cpp">
      <Filter>Archivos de recursos\Corelib\Libs</Filter>
    </ClCompile>
    <ClCompile Include="..\..\Corelib\Libs\filelib.cpp">
      <Filter>Archivos de recursos\Corelib\Libs</Filter>
    </ClCompile>
    <ClCompile Include="..\..\Corelib\Libs\mathlib.cpp">
      <Filter>Archivos de recursos\Corelib\Libs</Filter>
    </ClCompile>
    <ClCompile Include="..\..\Corelib\Libs\memlib.cpp">
      <Filter>Archivos de recursos\Corelib\Libs</Filter>
    </ClCompile>
    <ClCompile Include="..\..\Corelib\Libs\nolibfunctions.cpp">
      <Filter>Archivos de recursos\Corelib\Libs</Filter>
    </ClCompile>
    <ClCompile Include="..\..\Corelib\Libs\randomlib.cpp">
      <Filter>Archivos de recursos\Corelib\Libs</Filter>
    </ClCompile>
    <ClCompile Include="..\..\Corelib\Libs\stringlib.cpp">
      <Filter>Archivos de recursos\Corelib\Libs</Filter>
    </ClCompile>
    <ClCompile Include="..\..\Corelib\Structs\llanystring.cpp">
      <Filter>Archivos de recursos\Corelib\Struct</Filter>
    </ClCompile>
    <ClCompile Include="..\..\Corelib\Structs\stringtype.cpp">
      <Filter>Archivos de recursos\Corelib\Struct</Filter>
    </ClCompile>
    <ClCompile Include="..\..\Llanylibcpp.cpp">
      <Filter>Archivos de recursos</Filter>
    </ClCompile>
  </ItemGroup>
  <ItemGroup>
    <ClInclude Include="..\..\Corelib\Class\Countable.h">
      <Filter>Archivos de recursos\Corelib\Class</Filter>
    </ClInclude>
    <ClInclude Include="..\..\Corelib\Class\LlanyCore.h">
      <Filter>Archivos de recursos\Corelib\Class</Filter>
    </ClInclude>
    <ClInclude Include="..\..\Corelib\Class\String.h">
      <Filter>Archivos de recursos\Corelib\Class</Filter>
    </ClInclude>
    <ClInclude Include="..\..\Corelib\Libs\asciidefines.h">
      <Filter>Archivos de recursos\Corelib\Libs</Filter>
    </ClInclude>
    <ClInclude Include="..\..\Corelib\Libs\charslib.h">
      <Filter>Archivos de recursos\Corelib\Libs</Filter>
    </ClInclude>
    <ClInclude Include="..\..\Corelib\Libs\filelib.h">
      <Filter>Archivos de recursos\Corelib\Libs</Filter>
    </ClInclude>
    <ClInclude Include="..\..\Corelib\Libs\llanymathtypeslib.h">
      <Filter>Archivos de recursos\Corelib\Libs</Filter>
    </ClInclude>
    <ClInclude Include="..\..\Corelib\Libs\llanysimpleprint.h">
      <Filter>Archivos de recursos\Corelib\Libs</Filter>
    </ClInclude>
    <ClInclude Include="..\..\Corelib\Libs\llanytypeslib.h">
      <Filter>Archivos de recursos\Corelib\Libs</Filter>
    </ClInclude>
    <ClInclude Include="..\..\Corelib\Libs\mathlib.h">
      <Filter>Archivos de recursos\Corelib\Libs</Filter>
    </ClInclude>
    <ClInclude Include="..\..\Corelib\Libs\memlib.h">
      <Filter>Archivos de recursos\Corelib\Libs</Filter>
    </ClInclude>
    <ClInclude Include="..\..\Corelib\Libs\nolibfunctions.h">
      <Filter>Archivos de recursos\Corelib\Libs</Filter>
    </ClInclude>
    <ClInclude Include="..\..\Corelib\Libs\randomlib.h">
      <Filter>Archivos de recursos\Corelib\Libs</Filter>
    </ClInclude>
    <ClInclude Include="..\..\Corelib\Libs\stringlib.h">
      <Filter>Archivos de recursos\Corelib\Libs</Filter>
    </ClInclude>
    <ClInclude Include="..\..\Corelib\Structs\basicstructs.h">
      <Filter>Archivos de recursos\Corelib\Struct</Filter>
    </ClInclude>
    <ClInclude Include="..\..\Corelib\Structs\llanystring.h">
      <Filter>Archivos de recursos\Corelib\Struct</Filter>
    </ClInclude>
    <ClInclude Include="..\..\Corelib\Structs\stringtype.h">
      <Filter>Archivos de recursos\Corelib\Struct</Filter>
    </ClInclude>
    <ClInclude Include="..\..\Listlib\Dynamiclist\VectorResize.h">
      <Filter>Archivos de recursos\Listlib</Filter>
    </ClInclude>
    <ClInclude Include="..\..\Listlib\Linkedlists\AbstractLinkedlist.h">
      <Filter>Archivos de recursos\Listlib</Filter>
    </ClInclude>
    <ClInclude Include="..\..\Listlib\Corelist\AbstractSmartList.h">
      <Filter>Archivos de recursos\Listlib</Filter>
    </ClInclude>
    <ClInclude Include="..\..\Listlib\Linkedlists\Linkedlist.h">
      <Filter>Archivos de recursos\Listlib</Filter>
    </ClInclude>
    <ClInclude Include="..\..\Listlib\Corelist\List.h">
      <Filter>Archivos de recursos\Listlib</Filter>
    </ClInclude>
    <ClInclude Include="..\..\Listlib\Nodes\NodeDouble.h">
      <Filter>Archivos de recursos\Listlib</Filter>
    </ClInclude>
    <ClInclude Include="..\..\Listlib\Nodes\Nodes.h">
      <Filter>Archivos de recursos\Listlib</Filter>
    </ClInclude>
    <ClInclude Include="..\..\Listlib\Corelist\SimpleList.h">
      <Filter>Archivos de recursos\Listlib</Filter>
    </ClInclude>
    <ClInclude Include="..\..\Listlib\Linkedlists\SmartLinkedlist.h">
      <Filter>Archivos de recursos\Listlib</Filter>
    </ClInclude>
    <ClInclude Include="..\..\Listlib\Nodes\SmartNodeDouble.h">
      <Filter>Archivos de recursos\Listlib</Filter>
    </ClInclude>
    <ClInclude Include="..\..\Listlib\Staticlist\StaticList.h">
      <Filter>Archivos de recursos\Listlib</Filter>
    </ClInclude>
    <ClInclude Include="..\..\Listlib\Dynamiclist\Vector.h">
      <Filter>Archivos de recursos\Listlib</Filter>
    </ClInclude>
    <ClInclude Include="..\..\New\Container.h">
      <Filter>Archivos de recursos\New</Filter>
    </ClInclude>
    <ClInclude Include="..\..\New\Iterator.h">
      <Filter>Archivos de recursos\New</Filter>
    </ClInclude>
    <ClInclude Include="..\..\New\Node.h">
      <Filter>Archivos de recursos\New</Filter>
    </ClInclude>
    <ClInclude Include="..\..\New\ListTest.h">
      <Filter>Archivos de recursos\New</Filter>
    </ClInclude>
  </ItemGroup>
</Project>